
Microsoft Visual Studio Solution File, Format Version 12.00
# Visual Studio Version 16
VisualStudioVersion = 16.0.33529.622
MinimumVisualStudioVersion = 10.0.40219.1
Project("{9A19103F-16F7-4668-BE54-9A1E7A4F7556}") = "SallesWebMvc", "SallesWebMvc\SallesWebMvc.csproj", "{15DF9F05-C079-4693-8C96-9865CD66B811}"
EndProject
Global
	GlobalSection(SolutionConfigurationPlatforms) = preSolution
		Debug|Any CPU = Debug|Any CPU
		Release|Any CPU = Release|Any CPU
	EndGlobalSection
	GlobalSection(ProjectConfigurationPlatforms) = postSolution
		{15DF9F05-C079-4693-8C96-9865CD66B811}.Debug|Any CPU.ActiveCfg = Debug|Any CPU
		{15DF9F05-C079-4693-8C96-9865CD66B811}.Debug|Any CPU.Build.0 = Debug|Any CPU
		{15DF9F05-C079-4693-8C96-9865CD66B811}.Release|Any CPU.ActiveCfg = Release|Any CPU
		{15DF9F05-C079-4693-8C96-9865CD66B811}.Release|Any CPU.Build.0 = Release|Any CPU
	EndGlobalSection
	GlobalSection(SolutionProperties) = preSolution
		HideSolutionNode = FALSE
	EndGlobalSection
	GlobalSection(ExtensibilityGlobals) = postSolution
		SolutionGuid = {0AB6E45A-30A1-4DAE-9836-A38E31F3E902}
	EndGlobalSection
EndGlobal
